
Microsoft Visual Studio Solution File, Format Version 12.00
# Visual Studio Version 17
VisualStudioVersion = 17.4.33103.184
MinimumVisualStudioVersion = 10.0.40219.1
Project("{FAE04EC0-301F-11D3-BF4B-00C04F79EFBC}") = "HotelDubrovnikAPI", "HotelDubrovnikAPI\HotelDubrovnikAPI.csproj", "{4C5EA99C-B3AA-4B85-9B9A-F069487AA8B3}"
EndProject
Global
	GlobalSection(SolutionConfigurationPlatforms) = preSolution
		Debug|Any CPU = Debug|Any CPU
		Release|Any CPU = Release|Any CPU
	EndGlobalSection
	GlobalSection(ProjectConfigurationPlatforms) = postSolution
		{4C5EA99C-B3AA-4B85-9B9A-F069487AA8B3}.Debug|Any CPU.ActiveCfg = Debug|Any CPU
		{4C5EA99C-B3AA-4B85-9B9A-F069487AA8B3}.Debug|Any CPU.Build.0 = Debug|Any CPU
		{4C5EA99C-B3AA-4B85-9B9A-F069487AA8B3}.Release|Any CPU.ActiveCfg = Release|Any CPU
		{4C5EA99C-B3AA-4B85-9B9A-F069487AA8B3}.Release|Any CPU.Build.0 = Release|Any CPU
	EndGlobalSection
	GlobalSection(SolutionProperties) = preSolution
		HideSolutionNode = FALSE
	EndGlobalSection
	GlobalSection(ExtensibilityGlobals) = postSolution
		SolutionGuid = {2FB3E18F-B219-49CF-A3A6-2D779B41CF09}
	EndGlobalSection
EndGlobal
